
Microsoft Visual Studio Solution File, Format Version 12.00
# Visual Studio Version 17
VisualStudioVersion = 17.0.31903.59
MinimumVisualStudioVersion = 10.0.40219.1
Project("{FAE04EC0-301F-11D3-BF4B-00C04F79EFBC}") = "NameApi", "NameApi\NameApi.csproj", "{EFF54127-02C3-4A09-88A4-DD080C9F9FD3}"
EndProject
Project("{FAE04EC0-301F-11D3-BF4B-00C04F79EFBC}") = "HelloApi", "HelloApi\HelloApi.csproj", "{06CAAB7D-AA19-449D-9FA7-3A99E989C9DE}"
EndProject
Global
	GlobalSection(SolutionConfigurationPlatforms) = preSolution
		Debug|Any CPU = Debug|Any CPU
		Release|Any CPU = Release|Any CPU
	EndGlobalSection
	GlobalSection(SolutionProperties) = preSolution
		HideSolutionNode = FALSE
	EndGlobalSection
	GlobalSection(ProjectConfigurationPlatforms) = postSolution
		{EFF54127-02C3-4A09-88A4-DD080C9F9FD3}.Debug|Any CPU.ActiveCfg = Debug|Any CPU
		{EFF54127-02C3-4A09-88A4-DD080C9F9FD3}.Debug|Any CPU.Build.0 = Debug|Any CPU
		{EFF54127-02C3-4A09-88A4-DD080C9F9FD3}.Release|Any CPU.ActiveCfg = Release|Any CPU
		{EFF54127-02C3-4A09-88A4-DD080C9F9FD3}.Release|Any CPU.Build.0 = Release|Any CPU
		{06CAAB7D-AA19-449D-9FA7-3A99E989C9DE}.Debug|Any CPU.ActiveCfg = Debug|Any CPU
		{06CAAB7D-AA19-449D-9FA7-3A99E989C9DE}.Debug|Any CPU.Build.0 = Debug|Any CPU
		{06CAAB7D-AA19-449D-9FA7-3A99E989C9DE}.Release|Any CPU.ActiveCfg = Release|Any CPU
		{06CAAB7D-AA19-449D-9FA7-3A99E989C9DE}.Release|Any CPU.Build.0 = Release|Any CPU
	EndGlobalSection
EndGlobal
